
Microsoft Visual Studio Solution File, Format Version 12.00
# Visual Studio Version 17
VisualStudioVersion = 17.3.32825.248
MinimumVisualStudioVersion = 10.0.40219.1
Project("{FAE04EC0-301F-11D3-BF4B-00C04F79EFBC}") = "comp2084g-lesson1", "comp2084g-lesson1\comp2084g-lesson1.csproj", "{F6AEE00D-1BB0-4B9C-A938-FA2E55804BB4}"
EndProject
Global
	GlobalSection(SolutionConfigurationPlatforms) = preSolution
		Debug|Any CPU = Debug|Any CPU
		Release|Any CPU = Release|Any CPU
	EndGlobalSection
	GlobalSection(ProjectConfigurationPlatforms) = postSolution
		{F6AEE00D-1BB0-4B9C-A938-FA2E55804BB4}.Debug|Any CPU.ActiveCfg = Debug|Any CPU
		{F6AEE00D-1BB0-4B9C-A938-FA2E55804BB4}.Debug|Any CPU.Build.0 = Debug|Any CPU
		{F6AEE00D-1BB0-4B9C-A938-FA2E55804BB4}.Release|Any CPU.ActiveCfg = Release|Any CPU
		{F6AEE00D-1BB0-4B9C-A938-FA2E55804BB4}.Release|Any CPU.Build.0 = Release|Any CPU
	EndGlobalSection
	GlobalSection(SolutionProperties) = preSolution
		HideSolutionNode = FALSE
	EndGlobalSection
	GlobalSection(ExtensibilityGlobals) = postSolution
		SolutionGuid = {4A791341-5E58-41D5-8D44-B29BD7B8FB65}
	EndGlobalSection
EndGlobal
